
Microsoft Visual Studio Solution File, Format Version 12.00
# Visual Studio Version 17
VisualStudioVersion = 17.14.36623.8 d17.14
MinimumVisualStudioVersion = 10.0.40219.1
Project("{FAE04EC0-301F-11D3-BF4B-00C04F79EFBC}") = "Civil3dAddinBridge_Shell", "Civil3dAddinBridge_Shell\Civil3dAddinBridge_Shell.csproj", "{9CBAA91C-74AC-4A33-BC69-F24EBB5FBD6F}"
EndProject
Global
	GlobalSection(SolutionConfigurationPlatforms) = preSolution
		Debug|Any CPU = Debug|Any CPU
		Debug|x64 = Debug|x64
		Release|Any CPU = Release|Any CPU
		Release|x64 = Release|x64
	EndGlobalSection
	GlobalSection(ProjectConfigurationPlatforms) = postSolution
		{9CBAA91C-74AC-4A33-BC69-F24EBB5FBD6F}.Debug|Any CPU.ActiveCfg = Debug|Any CPU
		{9CBAA91C-74AC-4A33-BC69-F24EBB5FBD6F}.Debug|Any CPU.Build.0 = Debug|Any CPU
		{9CBAA91C-74AC-4A33-BC69-F24EBB5FBD6F}.Debug|x64.ActiveCfg = Debug|x64
		{9CBAA91C-74AC-4A33-BC69-F24EBB5FBD6F}.Debug|x64.Build.0 = Debug|x64
		{9CBAA91C-74AC-4A33-BC69-F24EBB5FBD6F}.Release|Any CPU.ActiveCfg = Release|Any CPU
		{9CBAA91C-74AC-4A33-BC69-F24EBB5FBD6F}.Release|Any CPU.Build.0 = Release|Any CPU
		{9CBAA91C-74AC-4A33-BC69-F24EBB5FBD6F}.Release|x64.ActiveCfg = Release|x64
		{9CBAA91C-74AC-4A33-BC69-F24EBB5FBD6F}.Release|x64.Build.0 = Release|x64
	EndGlobalSection
	GlobalSection(SolutionProperties) = preSolution
		HideSolutionNode = FALSE
	EndGlobalSection
	GlobalSection(ExtensibilityGlobals) = postSolution
		SolutionGuid = {B0BEF455-B145-4307-9000-4F6919D5E808}
	EndGlobalSection
EndGlobal
